// !$*UTF8*$!
{
	archiveVersion = 1;
	classes = {
	};
	objectVersion = 50;
	objects = {

/* Begin PBXBuildFile section */
		CD6B1525229D5A64001CCE29 /* AppDelegate.swift in Sources */ = {isa = PBXBuildFile; fileRef = CD6B1524229D5A64001CCE29 /* AppDelegate.swift */; };
		CD6B1527229D5A64001CCE29 /* ViewController.swift in Sources */ = {isa = PBXBuildFile; fileRef = CD6B1526229D5A64001CCE29 /* ViewController.swift */; };
		CD6B152A229D5A64001CCE29 /* Main.storyboard in Resources */ = {isa = PBXBuildFile; fileRef = CD6B1528229D5A64001CCE29 /* Main.storyboard */; };
		CD6B152C229D5A65001CCE29 /* Assets.xcassets in Resources */ = {isa = PBXBuildFile; fileRef = CD6B152B229D5A65001CCE29 /* Assets.xcassets */; };
		CD6B152F229D5A65001CCE29 /* LaunchScreen.storyboard in Resources */ = {isa = PBXBuildFile; fileRef = CD6B152D229D5A65001CCE29 /* LaunchScreen.storyboard */; };
		CD6B1537229D5AA2001CCE29 /* Highcharts.framework in Frameworks */ = {isa = PBXBuildFile; fileRef = CD6B1536229D5AA2001CCE29 /* Highcharts.framework */; };
		CD6B1539229D5AC2001CCE29 /* Highcharts.framework in Frameworks */ = {isa = PBXBuildFile; fileRef = CD6B1536229D5AA2001CCE29 /* Highcharts.framework */; };
		CD6B153A229D5AC2001CCE29 /* Highcharts.framework in Embed Frameworks */ = {isa = PBXBuildFile; fileRef = CD6B1536229D5AA2001CCE29 /* Highcharts.framework */; settings = {ATTRIBUTES = (CodeSignOnCopy, RemoveHeadersOnCopy, ); }; };
/* End PBXBuildFile section */

/* Begin PBXCopyFilesBuildPhase section */
		CD6B153B229D5AC2001CCE29 /* Embed Frameworks */ = {
			isa = PBXCopyFilesBuildPhase;
			buildActionMask = 2147483647;
			dstPath = "";
			dstSubfolderSpec = 10;
			files = (
				CD6B153A229D5AC2001CCE29 /* Highcharts.framework in Embed Frameworks */,
			);
			name = "Embed Frameworks";
			runOnlyForDeploymentPostprocessing = 0;
		};
/* End PBXCopyFilesBuildPhase section */

/* Begin PBXFileReference section */
		CD6B1521229D5A64001CCE29 /* EventsSelection.app */ = {isa = PBXFileReference; explicitFileType = wrapper.application; includeInIndex = 0; path = EventsSelection.app; sourceTree = BUILT_PRODUCTS_DIR; };
		CD6B1524229D5A64001CCE29 /* AppDelegate.swift */ = {isa = PBXFileReference; lastKnownFileType = sourcecode.swift; path = AppDelegate.swift; sourceTree = "<group>"; };
		CD6B1526229D5A64001CCE29 /* ViewController.swift */ = {isa = PBXFileReference; lastKnownFileType = sourcecode.swift; path = ViewController.swift; sourceTree = "<group>"; };
		CD6B1529229D5A64001CCE29 /* Base */ = {isa = PBXFileReference; lastKnownFileType = file.storyboard; name = Base; path = Base.lproj/Main.storyboard; sourceTree = "<group>"; };
		CD6B152B229D5A65001CCE29 /* Assets.xcassets */ = {isa = PBXFileReference; lastKnownFileType = folder.assetcatalog; path = Assets.xcassets; sourceTree = "<group>"; };
		CD6B152E229D5A65001CCE29 /* Base */ = {isa = PBXFileReference; lastKnownFileType = file.storyboard; name = Base; path = Base.lproj/LaunchScreen.storyboard; sourceTree = "<group>"; };
		CD6B1530229D5A65001CCE29 /* Info.plist */ = {isa = PBXFileReference; lastKnownFileType = text.plist.xml; path = Info.plist; sourceTree = "<group>"; };
		CD6B1536229D5AA2001CCE29 /* Highcharts.framework */ = {isa = PBXFileReference; lastKnownFileType = wrapper.framework; name = Highcharts.framework; path = Frameworks/Highcharts.framework; sourceTree = SOURCE_ROOT; };
/* End PBXFileReference section */

/* Begin PBXFrameworksBuildPhase section */
		CD6B151E229D5A64001CCE29 /* Frameworks */ = {
			isa = PBXFrameworksBuildPhase;
			buildActionMask = 2147483647;
			files = (
				CD6B1537229D5AA2001CCE29 /* Highcharts.framework in Frameworks */,
				CD6B1539229D5AC2001CCE29 /* Highcharts.framework in Frameworks */,
			);
			runOnlyForDeploymentPostprocessing = 0;
		};
/* End PBXFrameworksBuildPhase section */

/* Begin PBXGroup section */
		CD6B1518229D5A64001CCE29 = {
			isa = PBXGroup;
			children = (
				CD6B1538229D5AB1001CCE29 /* Frameworks */,
				CD6B1523229D5A64001CCE29 /* EventsSelection */,
				CD6B1522229D5A64001CCE29 /* Products */,
			);
			sourceTree = "<group>";
		};
		CD6B1522229D5A64001CCE29 /* Products */ = {
			isa = PBXGroup;
			children = (
				CD6B1521229D5A64001CCE29 /* EventsSelection.app */,
			);
			name = Products;
			sourceTree = "<group>";
		};
		CD6B1523229D5A64001CCE29 /* EventsSelection */ = {
			isa = PBXGroup;
			children = (
				CD6B1524229D5A64001CCE29 /* AppDelegate.swift */,
				CD6B1526229D5A64001CCE29 /* ViewController.swift */,
				CD6B1528229D5A64001CCE29 /* Main.storyboard */,
				CD6B152B229D5A65001CCE29 /* Assets.xcassets */,
				CD6B152D229D5A65001CCE29 /* LaunchScreen.storyboard */,
				CD6B1530229D5A65001CCE29 /* Info.plist */,
			);
			path = EventsSelection;
			sourceTree = "<group>";
		};
		CD6B1538229D5AB1001CCE29 /* Frameworks */ = {
			isa = PBXGroup;
			children = (
				CD6B1536229D5AA2001CCE29 /* Highcharts.framework */,
			);
			path = Frameworks;
			sourceTree = "<group>";
		};
/* End PBXGroup section */

/* Begin PBXNativeTarget section */
		CD6B1520229D5A64001CCE29 /* EventsSelection */ = {
			isa = PBXNativeTarget;
			buildConfigurationList = CD6B1533229D5A65001CCE29 /* Build configuration list for PBXNativeTarget "EventsSelection" */;
			buildPhases = (
				CD6B151D229D5A64001CCE29 /* Sources */,
				CD6B151E229D5A64001CCE29 /* Frameworks */,
				CD6B151F229D5A64001CCE29 /* Resources */,
				CD6B153B229D5AC2001CCE29 /* Embed Frameworks */,
			);
			buildRules = (
			);
			dependencies = (
			);
			name = EventsSelection;
			productName = EventsSelection;
			productReference = CD6B1521229D5A64001CCE29 /* EventsSelection.app */;
			productType = "com.apple.product-type.application";
		};
/* End PBXNativeTarget section */

/* Begin PBXProject section */
		CD6B1519229D5A64001CCE29 /* Project object */ = {
			isa = PBXProject;
			attributes = {
				LastSwiftUpdateCheck = 1020;
				LastUpgradeCheck = 1020;
				ORGANIZATIONNAME = "Ihnat Moisieiev";
				TargetAttributes = {
					CD6B1520229D5A64001CCE29 = {
						CreatedOnToolsVersion = 10.2.1;
					};
				};
			};
			buildConfigurationList = CD6B151C229D5A64001CCE29 /* Build configuration list for PBXProject "EventsSelection" */;
			compatibilityVersion = "Xcode 9.3";
			developmentRegion = en;
			hasScannedForEncodings = 0;
			knownRegions = (
				en,
				Base,
			);
			mainGroup = CD6B1518229D5A64001CCE29;
			productRefGroup = CD6B1522229D5A64001CCE29 /* Products */;
			projectDirPath = "";
			projectRoot = "";
			targets = (
				CD6B1520229D5A64001CCE29 /* EventsSelection */,
			);
		};
/* End PBXProject section */

/* Begin PBXResourcesBuildPhase section */
		CD6B151F229D5A64001CCE29 /* Resources */ = {
			isa = PBXResourcesBuildPhase;
			buildActionMask = 2147483647;
			files = (
				CD6B152F229D5A65001CCE29 /* LaunchScreen.storyboard in Resources */,
				CD6B152C229D5A65001CCE29 /* Assets.xcassets in Resources */,
				CD6B152A229D5A64001CCE29 /* Main.storyboard in Resources */,
			);
			runOnlyForDeploymentPostprocessing = 0;
		};
/* End PBXResourcesBuildPhase section */

/* Begin PBXSourcesBuildPhase section */
		CD6B151D229D5A64001CCE29 /* Sources */ = {
			isa = PBXSourcesBuildPhase;
			buildActionMask = 2147483647;
			files = (
				CD6B1527229D5A64001CCE29 /* ViewController.swift in Sources */,
				CD6B1525229D5A64001CCE29 /* AppDelegate.swift in Sources */,
			);
			runOnlyForDeploymentPostprocessing = 0;
		};
/* End PBXSourcesBuildPhase section */

/* Begin PBXVariantGroup section */
		CD6B1528229D5A64001CCE29 /* Main.storyboard */ = {
			isa = PBXVariantGroup;
			children = (
				CD6B1529229D5A64001CCE29 /* Base */,
			);
			name = Main.storyboard;
			sourceTree = "<group>";
		};
		CD6B152D229D5A65001CCE29 /* LaunchScreen.storyboard */ = {
			isa = PBXVariantGroup;
			children = (
				CD6B152E229D5A65001CCE29 /* Base */,
			);
			name = LaunchScreen.storyboard;
			sourceTree = "<group>";
		};
/* End PBXVariantGroup section */

/* Begin XCBuildConfiguration section */
		CD6B1531229D5A65001CCE29 /* Debug */ = {
			isa = XCBuildConfiguration;
			buildSettings = {
				ALWAYS_SEARCH_USER_PATHS = NO;
				CLANG_ANALYZER_NONNULL = YES;
				CLANG_ANALYZER_NUMBER_OBJECT_CONVERSION = YES_AGGRESSIVE;
				CLANG_CXX_LANGUAGE_STANDARD = "gnu++14";
				CLANG_CXX_LIBRARY = "libc++";
				CLANG_ENABLE_MODULES = YES;
				CLANG_ENABLE_OBJC_ARC = YES;
				CLANG_ENABLE_OBJC_WEAK = YES;
				CLANG_WARN_BLOCK_CAPTURE_AUTORELEASING = YES;
				CLANG_WARN_BOOL_CONVERSION = YES;
				CLANG_WARN_COMMA = YES;
				CLANG_WARN_CONSTANT_CONVERSION = YES;
				CLANG_WARN_DEPRECATED_OBJC_IMPLEMENTATIONS = YES;
				CLANG_WARN_DIRECT_OBJC_ISA_USAGE = YES_ERROR;
				CLANG_WARN_DOCUMENTATION_COMMENTS = YES;
				CLANG_WARN_EMPTY_BODY = YES;
				CLANG_WARN_ENUM_CONVERSION = YES;
				CLANG_WARN_INFINITE_RECURSION = YES;
				CLANG_WARN_INT_CONVERSION = YES;
				CLANG_WARN_NON_LITERAL_NULL_CONVERSION = YES;
				CLANG_WARN_OBJC_IMPLICIT_RETAIN_SELF = YES;
				CLANG_WARN_OBJC_LITERAL_CONVERSION = YES;
				CLANG_WARN_OBJC_ROOT_CLASS = YES_ERROR;
				CLANG_WARN_RANGE_LOOP_ANALYSIS = YES;
				CLANG_WARN_STRICT_PROTOTYPES = YES;
				CLANG_WARN_SUSPICIOUS_MOVE = YES;
				CLANG_WARN_UNGUARDED_AVAILABILITY = YES_AGGRESSIVE;
				CLANG_WARN_UNREACHABLE_CODE = YES;
				CLANG_WARN__DUPLICATE_METHOD_MATCH = YES;
				CODE_SIGN_IDENTITY = "iPhone Developer";
				COPY_PHASE_STRIP = NO;
				DEBUG_INFORMATION_FORMAT = dwarf;
				ENABLE_STRICT_OBJC_MSGSEND = YES;
				ENABLE_TESTABILITY = YES;
				GCC_C_LANGUAGE_STANDARD = gnu11;
				GCC_DYNAMIC_NO_PIC = NO;
				GCC_NO_COMMON_BLOCKS = YES;
				GCC_OPTIMIZATION_LEVEL = 0;
				GCC_PREPROCESSOR_DEFINITIONS = (
					"DEBUG=1",
					"$(inherited)",
				);
				GCC_WARN_64_TO_32_BIT_CONVERSION = YES;
				GCC_WARN_ABOUT_RETURN_TYPE = YES_ERROR;
				GCC_WARN_UNDECLARED_SELECTOR = YES;
				GCC_WARN_UNINITIALIZED_AUTOS = YES_AGGRESSIVE;
				GCC_WARN_UNUSED_FUNCTION = YES;
				GCC_WARN_UNUSED_VARIABLE = YES;
				IPHONEOS_DEPLOYMENT_TARGET = 12.2;
				MTL_ENABLE_DEBUG_INFO = INCLUDE_SOURCE;
				MTL_FAST_MATH = YES;
				ONLY_ACTIVE_ARCH = YES;
				SDKROOT = iphoneos;
				SWIFT_ACTIVE_COMPILATION_CONDITIONS = DEBUG;
				SWIFT_OPTIMIZATION_LEVEL = "-Onone";
			};
			name = Debug;
		};
		CD6B1532229D5A65001CCE29 /* Release */ = {
			isa = XCBuildConfiguration;
			buildSettings = {
				ALWAYS_SEARCH_USER_PATHS = NO;
				CLANG_ANALYZER_NONNULL = YES;
				CLANG_ANALYZER_NUMBER_OBJECT_CONVERSION = YES_AGGRESSIVE;
				CLANG_CXX_LANGUAGE_STANDARD = "gnu++14";
				CLANG_CXX_LIBRARY = "libc++";
				CLANG_ENABLE_MODULES = YES;
				CLANG_ENABLE_OBJC_ARC = YES;
				CLANG_ENABLE_OBJC_WEAK = YES;
				CLANG_WARN_BLOCK_CAPTURE_AUTORELEASING = YES;
				CLANG_WARN_BOOL_CONVERSION = YES;
				CLANG_WARN_COMMA = YES;
				CLANG_WARN_CONSTANT_CONVERSION = YES;
				CLANG_WARN_DEPRECATED_OBJC_IMPLEMENTATIONS = YES;
				CLANG_WARN_DIRECT_OBJC_ISA_USAGE = YES_ERROR;
				CLANG_WARN_DOCUMENTATION_COMMENTS = YES;
				CLANG_WARN_EMPTY_BODY = YES;
				CLANG_WARN_ENUM_CONVERSION = YES;
				CLANG_WARN_INFINITE_RECURSION = YES;
				CLANG_WARN_INT_CONVERSION = YES;
				CLANG_WARN_NON_LITERAL_NULL_CONVERSION = YES;
				CLANG_WARN_OBJC_IMPLICIT_RETAIN_SELF = YES;
				CLANG_WARN_OBJC_LITERAL_CONVERSION = YES;
				CLANG_WARN_OBJC_ROOT_CLASS = YES_ERROR;
				CLANG_WARN_RANGE_LOOP_ANALYSIS = YES;
				CLANG_WARN_STRICT_PROTOTYPES = YES;
				CLANG_WARN_SUSPICIOUS_MOVE = YES;
				CLANG_WARN_UNGUARDED_AVAILABILITY = YES_AGGRESSIVE;
				CLANG_WARN_UNREACHABLE_CODE = YES;
				CLANG_WARN__DUPLICATE_METHOD_MATCH = YES;
				CODE_SIGN_IDENTITY = "iPhone Developer";
				COPY_PHASE_STRIP = NO;
				DEBUG_INFORMATION_FORMAT = "dwarf-with-dsym";
				ENABLE_NS_ASSERTIONS = NO;
				ENABLE_STRICT_OBJC_MSGSEND = YES;
				GCC_C_LANGUAGE_STANDARD = gnu11;
				GCC_NO_COMMON_BLOCKS = YES;
				GCC_WARN_64_TO_32_BIT_CONVERSION = YES;
				GCC_WARN_ABOUT_RETURN_TYPE = YES_ERROR;
				GCC_WARN_UNDECLARED_SELECTOR = YES;
				GCC_WARN_UNINITIALIZED_AUTOS = YES_AGGRESSIVE;
				GCC_WARN_UNUSED_FUNCTION = YES;
				GCC_WARN_UNUSED_VARIABLE = YES;
				IPHONEOS_DEPLOYMENT_TARGET = 12.2;
				MTL_ENABLE_DEBUG_INFO = NO;
				MTL_FAST_MATH = YES;
				SDKROOT = iphoneos;
				SWIFT_COMPILATION_MODE = wholemodule;
				SWIFT_OPTIMIZATION_LEVEL = "-O";
				VALIDATE_PRODUCT = YES;
			};
			name = Release;
		};
		CD6B1534229D5A65001CCE29 /* Debug */ = {
			isa = XCBuildConfiguration;
			buildSettings = {
				ASSETCATALOG_COMPILER_APPICON_NAME = AppIcon;
				CODE_SIGN_STYLE = Automatic;
				DEVELOPMENT_TEAM = BK36LKB8JF;
				FRAMEWORK_SEARCH_PATHS = (
					"$(inherited)",
					"$(PROJECT_DIR)",
					"$(PROJECT_DIR)/Frameworks",
				);
				INFOPLIST_FILE = EventsSelection/Info.plist;
				LD_RUNPATH_SEARCH_PATHS = (
					"$(inherited)",
					"@executable_path/Frameworks",
				);
				PRODUCT_BUNDLE_IDENTIFIER = com.ihnatmoisieiev.EventsSelection;
				PRODUCT_NAME = "$(TARGET_NAME)";
				SWIFT_VERSION = 5.0;
				TARGETED_DEVICE_FAMILY = "1,2";
			};
			name = Debug;
		};
		CD6B1535229D5A65001CCE29 /* Release */ = {
			isa = XCBuildConfiguration;
			buildSettings = {
				ASSETCATALOG_COMPILER_APPICON_NAME = AppIcon;
				CODE_SIGN_STYLE = Automatic;
				DEVELOPMENT_TEAM = BK36LKB8JF;
				FRAMEWORK_SEARCH_PATHS = (
					"$(inherited)",
					"$(PROJECT_DIR)",
					"$(PROJECT_DIR)/Frameworks",
				);
				INFOPLIST_FILE = EventsSelection/Info.plist;
				LD_RUNPATH_SEARCH_PATHS = (
					"$(inherited)",
					"@executable_path/Frameworks",
				);
				PRODUCT_BUNDLE_IDENTIFIER = com.ihnatmoisieiev.EventsSelection;
				PRODUCT_NAME = "$(TARGET_NAME)";
				SWIFT_VERSION = 5.0;
				TARGETED_DEVICE_FAMILY = "1,2";
			};
			name = Release;
		};
/* End XCBuildConfiguration section */

/* Begin XCConfigurationList section */
		CD6B151C229D5A64001CCE29 /* Build configuration list for PBXProject "EventsSelection" */ = {
			isa = XCConfigurationList;
			buildConfigurations = (
				CD6B1531229D5A65001CCE29 /* Debug */,
				CD6B1532229D5A65001CCE29 /* Release */,
			);
			defaultConfigurationIsVisible = 0;
			defaultConfigurationName = Release;
		};
		CD6B1533229D5A65001CCE29 /* Build configuration list for PBXNativeTarget "EventsSelection" */ = {
			isa = XCConfigurationList;
			buildConfigurations = (
				CD6B1534229D5A65001CCE29 /* Debug */,
				CD6B1535229D5A65001CCE29 /* Release */,
			);
			defaultConfigurationIsVisible = 0;
			defaultConfigurationName = Release;
		};
/* End XCConfigurationList section */
	};
	rootObject = CD6B1519229D5A64001CCE29 /* Project object */;
}
